
Microsoft Visual Studio Solution File, Format Version 12.00
# Visual Studio Version 16
VisualStudioVersion = 16.0.31624.102
MinimumVisualStudioVersion = 10.0.40219.1
Project("{9A19103F-16F7-4668-BE54-9A1E7A4F7556}") = "Transfer", "Transfer\Transfer.csproj", "{78B6448B-1B68-4E7F-A192-1F333B684BB1}"
EndProject
Global
	GlobalSection(SolutionConfigurationPlatforms) = preSolution
		Debug|Any CPU = Debug|Any CPU
		Release|Any CPU = Release|Any CPU
	EndGlobalSection
	GlobalSection(ProjectConfigurationPlatforms) = postSolution
		{78B6448B-1B68-4E7F-A192-1F333B684BB1}.Debug|Any CPU.ActiveCfg = Debug|Any CPU
		{78B6448B-1B68-4E7F-A192-1F333B684BB1}.Debug|Any CPU.Build.0 = Debug|Any CPU
		{78B6448B-1B68-4E7F-A192-1F333B684BB1}.Release|Any CPU.ActiveCfg = Release|Any CPU
		{78B6448B-1B68-4E7F-A192-1F333B684BB1}.Release|Any CPU.Build.0 = Release|Any CPU
	EndGlobalSection
	GlobalSection(SolutionProperties) = preSolution
		HideSolutionNode = FALSE
	EndGlobalSection
	GlobalSection(ExtensibilityGlobals) = postSolution
		SolutionGuid = {85EF9EC8-95BC-4108-B39A-EB5DFBB8CD17}
	EndGlobalSection
EndGlobal
